<?xml version="1.0" encoding="utf-8"?>
<Project ToolsVersion="4.0" xmlns="http://schemas.microsoft.com/developer/msbuild/2003">
  <ItemGroup>
    <FxCompile Include="resources\shaders\Object3d.PS.hlsl">
      <Filter>Shader\Object</Filter>
    </FxCompile>
    <FxCompile Include="resources\shaders\Object3d.VS.hlsl">
      <Filter>Shader\Object</Filter>
    </FxCompile>
    <FxCompile Include="resources\shaders\Particle.VS.hlsl">
      <Filter>Shader\Particle</Filter>
    </FxCompile>
    <FxCompile Include="resources\shaders\Particle.PS.hlsl">
      <Filter>Shader\Particle</Filter>
    </FxCompile>
    <FxCompile Include="resources\shaders\Sprite.PS.hlsl" />
    <FxCompile Include="resources\shaders\Sprite.VS.hlsl" />
  </ItemGroup>
  <ItemGroup>
    <ClCompile Include="Project\Core\main.cpp" />
    <ClCompile Include="Project\Scenes\GameScene.cpp">
      <Filter>Application\Scene</Filter>
    </ClCompile>
    <ClCompile Include="Project\Scenes\StageSelectScene.cpp">
      <Filter>Application\Scene</Filter>
    </ClCompile>
    <ClCompile Include="Project\Scenes\TitleScene.cpp">
      <Filter>Application\Scene</Filter>
    </ClCompile>
    <ClCompile Include="Project\Effect\windowParticle.cpp">
      <Filter>Application\Particle</Filter>
    </ClCompile>
    <ClCompile Include="Project\Effect\SnowParticle.cpp">
      <Filter>Application\Particle</Filter>
    </ClCompile>
    <ClCompile Include="Engine\Resource\Audio\AudioManager.cpp">
      <Filter>Engine\Audio</Filter>
    </ClCompile>
    <ClCompile Include="Engine\Input\GamepadInput.cpp">
      <Filter>Engine\Input</Filter>
    </ClCompile>
    <ClCompile Include="externals\imgui\imgui.cpp">
      <Filter>Engine\ImGui</Filter>
    </ClCompile>
    <ClCompile Include="externals\imgui\imgui_demo.cpp">
      <Filter>Engine\ImGui</Filter>
    </ClCompile>
    <ClCompile Include="externals\imgui\imgui_draw.cpp">
      <Filter>Engine\ImGui</Filter>
    </ClCompile>
    <ClCompile Include="externals\imgui\backends\imgui_impl_dx12.cpp">
      <Filter>Engine\ImGui</Filter>
    </ClCompile>
    <ClCompile Include="externals\imgui\backends\imgui_impl_win32.cpp">
      <Filter>Engine\ImGui</Filter>
    </ClCompile>
    <ClCompile Include="externals\imgui\imgui_tables.cpp">
      <Filter>Engine\ImGui</Filter>
    </ClCompile>
    <ClCompile Include="externals\imgui\imgui_widgets.cpp">
      <Filter>Engine\ImGui</Filter>
    </ClCompile>
    <ClCompile Include="Engine\Input\InputManager.cpp">
      <Filter>Engine\Input</Filter>
    </ClCompile>
    <ClCompile Include="Engine\Input\KeyboardInput.cpp">
      <Filter>Engine\Input</Filter>
    </ClCompile>
    <ClCompile Include="Engine\Scene\SceneManager.cpp">
      <Filter>Engine\Scene</Filter>
    </ClCompile>
    <ClCompile Include="Engine\Core\Utility\TransformFunctions.cpp">
      <Filter>Engine\Utility</Filter>
    </ClCompile>
    <ClCompile Include="Engine\Core\Utility\UtilityFunctions.cpp">
      <Filter>Engine\Utility</Filter>
    </ClCompile>
    <ClCompile Include="Engine\Platform\WindowsApplication.cpp">
      <Filter>Engine\Utility</Filter>
    </ClCompile>
    <ClCompile Include="Engine\Renderer\DirectXCommon\DirectXCommon.cpp">
      <Filter>Engine\Graphics\DirectXCommon</Filter>
    </ClCompile>
    <ClCompile Include="Engine\Renderer\DirectXCommon\D3DResourceLeakChecker.cpp">
      <Filter>Engine\Graphics\DirectXCommon</Filter>
    </ClCompile>
    <ClCompile Include="Engine\Graphics\Camera.cpp">
      <Filter>Engine\Graphics\Camera</Filter>
    </ClCompile>
    <ClCompile Include="Engine\Graphics\DebugCamera.cpp">
      <Filter>Engine\Graphics\Camera</Filter>
    </ClCompile>
    <ClCompile Include="Engine\GameObject\Object3D.cpp">
      <Filter>Engine\Graphics\Object</Filter>
    </ClCompile>
    <ClCompile Include="Engine\Resource\Model\Model.cpp">
      <Filter>Engine\Graphics\Object</Filter>
    </ClCompile>
    <ClCompile Include="Engine\Resource\Model\ModelCommon.cpp">
      <Filter>Engine\Graphics\Object</Filter>
    </ClCompile>
    <ClCompile Include="Engine\Effect\ParticleCommon.cpp">
      <Filter>Engine\Graphics\Particle</Filter>
    </ClCompile>
    <ClCompile Include="Engine\Effect\ParticleManager.cpp">
      <Filter>Engine\Graphics\Particle</Filter>
    </ClCompile>
    <ClCompile Include="Engine\GameObject\ResourceObject.cpp">
      <Filter>Engine\Graphics\Object</Filter>
    </ClCompile>
    <ClCompile Include="Engine\Resource\Sprite\Sprite.cpp">
      <Filter>Engine\Graphics\Sprite</Filter>
    </ClCompile>
    <ClCompile Include="Engine\Resource\Sprite\SpriteCommon.cpp">
      <Filter>Engine\Graphics\Sprite</Filter>
    </ClCompile>
    <ClCompile Include="Engine\Graphics\TextureManager.cpp">
      <Filter>Engine\Graphics\Sprite</Filter>
    </ClCompile>
    <ClCompile Include="Engine\Graphics\GameCamera.cpp">
      <Filter>Application\Camera</Filter>
    </ClCompile>
    <ClCompile Include="Engine\Resource\Model\ModelManager.cpp" />
    <ClCompile Include="Engine\Renderer\SrvManager.cpp" />
    <ClCompile Include="Engine\Platform\Window.cpp" />
    <ClCompile Include="Engine\Editor\EditorManager.cpp" />
    <ClCompile Include="Engine\Graphics\ViewProjection.cpp" />
  </ItemGroup>
  <ItemGroup>
    <ClInclude Include="externals\imgui\imconfig.h" />
    <ClInclude Include="Project\Scenes\GameScene.h">
      <Filter>Application\Scene</Filter>
    </ClInclude>
    <ClInclude Include="Project\Scenes\StageSelectScene.h">
      <Filter>Application\Scene</Filter>
    </ClInclude>
    <ClInclude Include="Project\Scenes\TitleScene.h">
      <Filter>Application\Scene</Filter>
    </ClInclude>
    <ClInclude Include="Project\Effect\windowParticle.h">
      <Filter>Application\Particle</Filter>
    </ClInclude>
    <ClInclude Include="Project\Effect\SnowParticle.h">
      <Filter>Application\Particle</Filter>
    </ClInclude>
    <ClInclude Include="Engine\Resource\Audio\AudioManager.h">
      <Filter>Engine\Audio</Filter>
    </ClInclude>
    <ClInclude Include="Engine\Input\GamepadInput.h">
      <Filter>Engine\Input</Filter>
    </ClInclude>
    <ClInclude Include="externals\imgui\imgui.h">
      <Filter>Engine\ImGui</Filter>
    </ClInclude>
    <ClInclude Include="externals\imgui\imgui_internal.h">
      <Filter>Engine\ImGui</Filter>
    </ClInclude>
    <ClInclude Include="Engine\Core\Utility\ImGuiHelper.h">
      <Filter>Engine\ImGui</Filter>
    </ClInclude>
    <ClInclude Include="externals\imgui\imstb_rectpack.h">
      <Filter>Engine\ImGui</Filter>
    </ClInclude>
    <ClInclude Include="externals\imgui\imstb_textedit.h">
      <Filter>Engine\ImGui</Filter>
    </ClInclude>
    <ClInclude Include="externals\imgui\imstb_truetype.h">
      <Filter>Engine\ImGui</Filter>
    </ClInclude>
    <ClInclude Include="Engine\Input\InputManager.h">
      <Filter>Engine\Input</Filter>
    </ClInclude>
    <ClInclude Include="Engine\Scene\IScene.h">
      <Filter>Engine\Scene</Filter>
    </ClInclude>
    <ClInclude Include="Engine\Input\KeyboardInput.h">
      <Filter>Engine\Input</Filter>
    </ClInclude>
    <ClInclude Include="Engine\Scene\SceneManager.h">
      <Filter>Engine\Scene</Filter>
    </ClInclude>
    <ClInclude Include="Engine\Core\Utility\Structs.h">
      <Filter>Engine\Utility</Filter>
    </ClInclude>
    <ClInclude Include="Engine\Core\TimeManager.h">
      <Filter>Engine\Utility</Filter>
    </ClInclude>
    <ClInclude Include="Engine\Core\Utility\TransformFunctions.h">
      <Filter>Engine\Utility</Filter>
    </ClInclude>
    <ClInclude Include="Engine\Core\Utility\UtilityFunctions.h">
      <Filter>Engine\Utility</Filter>
    </ClInclude>
    <ClInclude Include="Engine\Platform\WindowsApplication.h">
      <Filter>Engine\Utility</Filter>
    </ClInclude>
    <ClInclude Include="Engine\Renderer\DirectXCommon\DirectXCommon.h">
      <Filter>Engine\Graphics\DirectXCommon</Filter>
    </ClInclude>
    <ClInclude Include="Engine\Renderer\DirectXCommon\D3DResourceLeakChecker.h">
      <Filter>Engine\Graphics\DirectXCommon</Filter>
    </ClInclude>
    <ClInclude Include="Engine\Graphics\Camera.h">
      <Filter>Engine\Graphics\Camera</Filter>
    </ClInclude>
    <ClInclude Include="Engine\Graphics\DebugCamera.h">
      <Filter>Engine\Graphics\Camera</Filter>
    </ClInclude>
    <ClInclude Include="Engine\GameObject\Object3D.h">
      <Filter>Engine\Graphics\Object</Filter>
    </ClInclude>
    <ClInclude Include="Engine\Resource\Model\Model.h">
      <Filter>Engine\Graphics\Object</Filter>
    </ClInclude>
    <ClInclude Include="Engine\Resource\Model\ModelCommon.h">
      <Filter>Engine\Graphics\Object</Filter>
    </ClInclude>
    <ClInclude Include="Engine\Effect\ParticleCommon.h">
      <Filter>Engine\Graphics\Particle</Filter>
    </ClInclude>
    <ClInclude Include="Engine\Effect\ParticleManager.h">
      <Filter>Engine\Graphics\Particle</Filter>
    </ClInclude>
    <ClInclude Include="Engine\GameObject\ResourceObject.h">
      <Filter>Engine\Graphics\Object</Filter>
    </ClInclude>
    <ClInclude Include="Engine\Resource\Sprite\Sprite.h">
      <Filter>Engine\Graphics\Sprite</Filter>
    </ClInclude>
    <ClInclude Include="Engine\Resource\Sprite\SpriteCommon.h">
      <Filter>Engine\Graphics\Sprite</Filter>
    </ClInclude>
    <ClInclude Include="Engine\Graphics\TextureManager.h">
      <Filter>Engine\Graphics\Sprite</Filter>
    </ClInclude>
    <ClInclude Include="Engine\Graphics\GameCamera.h">
      <Filter>Application\Camera</Filter>
    </ClInclude>
    <ClInclude Include="Engine\Core\Utility\BlendMode.h">
      <Filter>Engine\Graphics\DirectXCommon</Filter>
    </ClInclude>
    <ClInclude Include="Engine\Resource\Model\ModelManager.h" />
    <ClInclude Include="Engine\Renderer\SrvManager.h" />
    <ClInclude Include="Engine\Platform\Window.h" />
    <ClInclude Include="Engine\Editor\EditorManager.h" />
    <ClInclude Include="Engine\Graphics\ViewProjection.h" />
  </ItemGroup>
  <ItemGroup>
    <Filter Include="Shader">
      <UniqueIdentifier>{af648591-ddcf-4c1b-a550-bd0bf6066876}</UniqueIdentifier>
    </Filter>
    <Filter Include="Application">
      <UniqueIdentifier>{448cf43c-7645-438d-b0dc-40d10a8a8f31}</UniqueIdentifier>
    </Filter>
    <Filter Include="Engine">
      <UniqueIdentifier>{d38e283d-a6dd-4a4d-b96b-2e8e67efd161}</UniqueIdentifier>
    </Filter>
    <Filter Include="Application\Scene">
      <UniqueIdentifier>{5af87065-43b8-4450-a3a5-fdda9de091b7}</UniqueIdentifier>
    </Filter>
    <Filter Include="Application\Particle">
      <UniqueIdentifier>{f803ec09-fc94-4c2c-b6a1-f928a872e2ee}</UniqueIdentifier>
    </Filter>
    <Filter Include="Engine\Audio">
      <UniqueIdentifier>{5141fe66-3ad3-41bd-86ca-fe4d5bb94bfb}</UniqueIdentifier>
    </Filter>
    <Filter Include="Engine\Graphics">
      <UniqueIdentifier>{beab14d6-54df-49bc-8464-ce5ff9a54858}</UniqueIdentifier>
    </Filter>
    <Filter Include="Engine\Input">
      <UniqueIdentifier>{4c2d03c5-111f-4854-8047-c6e842e7ed50}</UniqueIdentifier>
    </Filter>
    <Filter Include="Engine\ImGui">
      <UniqueIdentifier>{6b7f34ee-d5e8-4638-b3ce-2c8646822875}</UniqueIdentifier>
    </Filter>
    <Filter Include="Engine\Scene">
      <UniqueIdentifier>{80d3afe4-2129-45d6-b739-08e025a69e15}</UniqueIdentifier>
    </Filter>
    <Filter Include="Engine\Utility">
      <UniqueIdentifier>{5684af65-4988-4c01-872c-36a288100dab}</UniqueIdentifier>
    </Filter>
    <Filter Include="Engine\Graphics\DirectXCommon">
      <UniqueIdentifier>{8b9310dd-104f-4379-b8eb-34c33ff91377}</UniqueIdentifier>
    </Filter>
    <Filter Include="Engine\Graphics\Camera">
      <UniqueIdentifier>{4d6001db-334b-4e13-a579-6f7477b0b093}</UniqueIdentifier>
    </Filter>
    <Filter Include="Engine\Graphics\Object">
      <UniqueIdentifier>{720ffcad-ae99-4be1-ad66-c3ffa4fceb52}</UniqueIdentifier>
    </Filter>
    <Filter Include="Engine\Graphics\Particle">
      <UniqueIdentifier>{da13ac5f-c55d-4107-88a8-671cb0387666}</UniqueIdentifier>
    </Filter>
    <Filter Include="Engine\Graphics\Sprite">
      <UniqueIdentifier>{a0d08e3a-11a4-459c-83fa-3563a1c9f328}</UniqueIdentifier>
    </Filter>
    <Filter Include="Application\Camera">
      <UniqueIdentifier>{8d4ab97c-6236-4c37-8336-9931c4bbca3c}</UniqueIdentifier>
    </Filter>
    <Filter Include="Shader\Object">
      <UniqueIdentifier>{70bfb0ec-6008-4945-a4c1-935b0b0007c1}</UniqueIdentifier>
    </Filter>
    <Filter Include="Shader\Particle">
      <UniqueIdentifier>{b0a45bce-8649-4e77-9121-20a0039a8550}</UniqueIdentifier>
    </Filter>
  </ItemGroup>
  <ItemGroup>
    <None Include="externals\imgui\.editorconfig" />
    <None Include="externals\imgui\.gitattributes" />
    <None Include="externals\imgui\.gitignore" />
    <None Include="hlsl shaders\object3d.hlsli">
      <Filter>Shader\Object</Filter>
    </None>
    <None Include="resources\shaders\Particle.hlsli">
      <Filter>Shader\Particle</Filter>
    </None>
    <None Include="resources\shaders\Sprite.hlsli" />
  </ItemGroup>
  <ItemGroup>
    <Text Include="externals\imgui\LICENSE.txt" />
  </ItemGroup>
</Project>